// !$*UTF8*$!
{
	archiveVersion = 1;
	classes = {
	};
	objectVersion = 55;
	objects = {

/* Begin PBXBuildFile section */
		6CFE66E027E1E69B004E1528 /* FriendFace2App.swift in Sources */ = {isa = PBXBuildFile; fileRef = 6CFE66DF27E1E69B004E1528 /* FriendFace2App.swift */; };
		6CFE66E227E1E69B004E1528 /* ContentView.swift in Sources */ = {isa = PBXBuildFile; fileRef = 6CFE66E127E1E69B004E1528 /* ContentView.swift */; };
		6CFE66E427E1E69C004E1528 /* Assets.xcassets in Resources */ = {isa = PBXBuildFile; fileRef = 6CFE66E327E1E69C004E1528 /* Assets.xcassets */; };
		6CFE66E727E1E69C004E1528 /* Preview Assets.xcassets in Resources */ = {isa = PBXBuildFile; fileRef = 6CFE66E627E1E69C004E1528 /* Preview Assets.xcassets */; };
		6CFE66EF27E1E6E8004E1528 /* FriendFace2.xcdatamodeld in Sources */ = {isa = PBXBuildFile; fileRef = 6CFE66ED27E1E6E8004E1528 /* FriendFace2.xcdatamodeld */; };
		6CFE66F127E1E795004E1528 /* User.swift in Sources */ = {isa = PBXBuildFile; fileRef = 6CFE66F027E1E794004E1528 /* User.swift */; };
		6CFE66F627E1EF84004E1528 /* CachedUser+CoreDataClass.swift in Sources */ = {isa = PBXBuildFile; fileRef = 6CFE66F227E1EF84004E1528 /* CachedUser+CoreDataClass.swift */; };
		6CFE66F727E1EF84004E1528 /* CachedUser+CoreDataProperties.swift in Sources */ = {isa = PBXBuildFile; fileRef = 6CFE66F327E1EF84004E1528 /* CachedUser+CoreDataProperties.swift */; };
		6CFE66F827E1EF84004E1528 /* CachedFriend+CoreDataClass.swift in Sources */ = {isa = PBXBuildFile; fileRef = 6CFE66F427E1EF84004E1528 /* CachedFriend+CoreDataClass.swift */; };
		6CFE66F927E1EF84004E1528 /* CachedFriend+CoreDataProperties.swift in Sources */ = {isa = PBXBuildFile; fileRef = 6CFE66F527E1EF84004E1528 /* CachedFriend+CoreDataProperties.swift */; };
		6CFE66FC27E2047F004E1528 /* DataController.swift in Sources */ = {isa = PBXBuildFile; fileRef = 6CFE66FB27E2047F004E1528 /* DataController.swift */; };
		6CFE66FF27E23012004E1528 /* UserRow.swift in Sources */ = {isa = PBXBuildFile; fileRef = 6CFE66FD27E23012004E1528 /* UserRow.swift */; };
		6CFE670027E23012004E1528 /* UserDetailView.swift in Sources */ = {isa = PBXBuildFile; fileRef = 6CFE66FE27E23012004E1528 /* UserDetailView.swift */; };
		6CFE670227E243BA004E1528 /* friendface.json in Resources */ = {isa = PBXBuildFile; fileRef = 6CFE670127E243BA004E1528 /* friendface.json */; };
		6CFE670427E247E9004E1528 /* FriendGridView.swift in Sources */ = {isa = PBXBuildFile; fileRef = 6CFE670327E247E8004E1528 /* FriendGridView.swift */; };
		6CFE670627E24908004E1528 /* UserDetailQuickView.swift in Sources */ = {isa = PBXBuildFile; fileRef = 6CFE670527E24908004E1528 /* UserDetailQuickView.swift */; };
		6CFE670827E249FE004E1528 /* TagDetailsView.swift in Sources */ = {isa = PBXBuildFile; fileRef = 6CFE670727E249FE004E1528 /* TagDetailsView.swift */; };
/* End PBXBuildFile section */

/* Begin PBXFileReference section */
		6CFE66DC27E1E69B004E1528 /* FriendFace2.app */ = {isa = PBXFileReference; explicitFileType = wrapper.application; includeInIndex = 0; path = FriendFace2.app; sourceTree = BUILT_PRODUCTS_DIR; };
		6CFE66DF27E1E69B004E1528 /* FriendFace2App.swift */ = {isa = PBXFileReference; lastKnownFileType = sourcecode.swift; path = FriendFace2App.swift; sourceTree = "<group>"; };
		6CFE66E127E1E69B004E1528 /* ContentView.swift */ = {isa = PBXFileReference; lastKnownFileType = sourcecode.swift; path = ContentView.swift; sourceTree = "<group>"; };
		6CFE66E327E1E69C004E1528 /* Assets.xcassets */ = {isa = PBXFileReference; lastKnownFileType = folder.assetcatalog; path = Assets.xcassets; sourceTree = "<group>"; };
		6CFE66E627E1E69C004E1528 /* Preview Assets.xcassets */ = {isa = PBXFileReference; lastKnownFileType = folder.assetcatalog; path = "Preview Assets.xcassets"; sourceTree = "<group>"; };
		6CFE66EE27E1E6E8004E1528 /* FriendFace2.xcdatamodel */ = {isa = PBXFileReference; lastKnownFileType = wrapper.xcdatamodel; path = FriendFace2.xcdatamodel; sourceTree = "<group>"; };
		6CFE66F027E1E794004E1528 /* User.swift */ = {isa = PBXFileReference; fileEncoding = 4; lastKnownFileType = sourcecode.swift; path = User.swift; sourceTree = "<group>"; };
		6CFE66F227E1EF84004E1528 /* CachedUser+CoreDataClass.swift */ = {isa = PBXFileReference; lastKnownFileType = sourcecode.swift; path = "CachedUser+CoreDataClass.swift"; sourceTree = "<group>"; };
		6CFE66F327E1EF84004E1528 /* CachedUser+CoreDataProperties.swift */ = {isa = PBXFileReference; lastKnownFileType = sourcecode.swift; path = "CachedUser+CoreDataProperties.swift"; sourceTree = "<group>"; };
		6CFE66F427E1EF84004E1528 /* CachedFriend+CoreDataClass.swift */ = {isa = PBXFileReference; lastKnownFileType = sourcecode.swift; path = "CachedFriend+CoreDataClass.swift"; sourceTree = "<group>"; };
		6CFE66F527E1EF84004E1528 /* CachedFriend+CoreDataProperties.swift */ = {isa = PBXFileReference; lastKnownFileType = sourcecode.swift; path = "CachedFriend+CoreDataProperties.swift"; sourceTree = "<group>"; };
		6CFE66FB27E2047F004E1528 /* DataController.swift */ = {isa = PBXFileReference; lastKnownFileType = sourcecode.swift; path = DataController.swift; sourceTree = "<group>"; };
		6CFE66FD27E23012004E1528 /* UserRow.swift */ = {isa = PBXFileReference; fileEncoding = 4; lastKnownFileType = sourcecode.swift; path = UserRow.swift; sourceTree = "<group>"; };
		6CFE66FE27E23012004E1528 /* UserDetailView.swift */ = {isa = PBXFileReference; fileEncoding = 4; lastKnownFileType = sourcecode.swift; path = UserDetailView.swift; sourceTree = "<group>"; };
		6CFE670127E243BA004E1528 /* friendface.json */ = {isa = PBXFileReference; fileEncoding = 4; lastKnownFileType = text.json; path = friendface.json; sourceTree = "<group>"; };
		6CFE670327E247E8004E1528 /* FriendGridView.swift */ = {isa = PBXFileReference; fileEncoding = 4; lastKnownFileType = sourcecode.swift; path = FriendGridView.swift; sourceTree = "<group>"; };
		6CFE670527E24908004E1528 /* UserDetailQuickView.swift */ = {isa = PBXFileReference; fileEncoding = 4; lastKnownFileType = sourcecode.swift; path = UserDetailQuickView.swift; sourceTree = "<group>"; };
		6CFE670727E249FE004E1528 /* TagDetailsView.swift */ = {isa = PBXFileReference; fileEncoding = 4; lastKnownFileType = sourcecode.swift; path = TagDetailsView.swift; sourceTree = "<group>"; };
/* End PBXFileReference section */

/* Begin PBXFrameworksBuildPhase section */
		6CFE66D927E1E69B004E1528 /* Frameworks */ = {
			isa = PBXFrameworksBuildPhase;
			buildActionMask = 2147483647;
			files = (
			);
			runOnlyForDeploymentPostprocessing = 0;
		};
/* End PBXFrameworksBuildPhase section */

/* Begin PBXGroup section */
		6CFE66D327E1E69B004E1528 = {
			isa = PBXGroup;
			children = (
				6CFE66DE27E1E69B004E1528 /* FriendFace2 */,
				6CFE66DD27E1E69B004E1528 /* Products */,
			);
			sourceTree = "<group>";
		};
		6CFE66DD27E1E69B004E1528 /* Products */ = {
			isa = PBXGroup;
			children = (
				6CFE66DC27E1E69B004E1528 /* FriendFace2.app */,
			);
			name = Products;
			sourceTree = "<group>";
		};
		6CFE66DE27E1E69B004E1528 /* FriendFace2 */ = {
			isa = PBXGroup;
			children = (
				6CFE66DF27E1E69B004E1528 /* FriendFace2App.swift */,
				6CFE66E127E1E69B004E1528 /* ContentView.swift */,
				6CFE66FD27E23012004E1528 /* UserRow.swift */,
				6CFE66FE27E23012004E1528 /* UserDetailView.swift */,
				6CFE670727E249FE004E1528 /* TagDetailsView.swift */,
				6CFE670327E247E8004E1528 /* FriendGridView.swift */,
				6CFE670527E24908004E1528 /* UserDetailQuickView.swift */,
				6CFE66FA27E1F355004E1528 /* CoreData */,
				6CFE66F027E1E794004E1528 /* User.swift */,
				6CFE670127E243BA004E1528 /* friendface.json */,
				6CFE66E327E1E69C004E1528 /* Assets.xcassets */,
				6CFE66E527E1E69C004E1528 /* Preview Content */,
			);
			path = FriendFace2;
			sourceTree = "<group>";
		};
		6CFE66E527E1E69C004E1528 /* Preview Content */ = {
			isa = PBXGroup;
			children = (
				6CFE66E627E1E69C004E1528 /* Preview Assets.xcassets */,
			);
			path = "Preview Content";
			sourceTree = "<group>";
		};
		6CFE66FA27E1F355004E1528 /* CoreData */ = {
			isa = PBXGroup;
			children = (
				6CFE66FB27E2047F004E1528 /* DataController.swift */,
				6CFE66ED27E1E6E8004E1528 /* FriendFace2.xcdatamodeld */,
				6CFE66F227E1EF84004E1528 /* CachedUser+CoreDataClass.swift */,
				6CFE66F327E1EF84004E1528 /* CachedUser+CoreDataProperties.swift */,
				6CFE66F427E1EF84004E1528 /* CachedFriend+CoreDataClass.swift */,
				6CFE66F527E1EF84004E1528 /* CachedFriend+CoreDataProperties.swift */,
			);
			path = CoreData;
			sourceTree = "<group>";
		};
/* End PBXGroup section */

/* Begin PBXNativeTarget section */
		6CFE66DB27E1E69B004E1528 /* FriendFace2 */ = {
			isa = PBXNativeTarget;
			buildConfigurationList = 6CFE66EA27E1E69C004E1528 /* Build configuration list for PBXNativeTarget "FriendFace2" */;
			buildPhases = (
				6CFE66D827E1E69B004E1528 /* Sources */,
				6CFE66D927E1E69B004E1528 /* Frameworks */,
				6CFE66DA27E1E69B004E1528 /* Resources */,
			);
			buildRules = (
			);
			dependencies = (
			);
			name = FriendFace2;
			productName = FriendFace2;
			productReference = 6CFE66DC27E1E69B004E1528 /* FriendFace2.app */;
			productType = "com.apple.product-type.application";
		};
/* End PBXNativeTarget section */

/* Begin PBXProject section */
		6CFE66D427E1E69B004E1528 /* Project object */ = {
			isa = PBXProject;
			attributes = {
				BuildIndependentTargetsInParallel = 1;
				LastSwiftUpdateCheck = 1330;
				LastUpgradeCheck = 1330;
				TargetAttributes = {
					6CFE66DB27E1E69B004E1528 = {
						CreatedOnToolsVersion = 13.3;
					};
				};
			};
			buildConfigurationList = 6CFE66D727E1E69B004E1528 /* Build configuration list for PBXProject "FriendFace2" */;
			compatibilityVersion = "Xcode 13.0";
			developmentRegion = en;
			hasScannedForEncodings = 0;
			knownRegions = (
				en,
				Base,
			);
			mainGroup = 6CFE66D327E1E69B004E1528;
			productRefGroup = 6CFE66DD27E1E69B004E1528 /* Products */;
			projectDirPath = "";
			projectRoot = "";
			targets = (
				6CFE66DB27E1E69B004E1528 /* FriendFace2 */,
			);
		};
/* End PBXProject section */

/* Begin PBXResourcesBuildPhase section */
		6CFE66DA27E1E69B004E1528 /* Resources */ = {
			isa = PBXResourcesBuildPhase;
			buildActionMask = 2147483647;
			files = (
				6CFE66E727E1E69C004E1528 /* Preview Assets.xcassets in Resources */,
				6CFE66E427E1E69C004E1528 /* Assets.xcassets in Resources */,
				6CFE670227E243BA004E1528 /* friendface.json in Resources */,
			);
			runOnlyForDeploymentPostprocessing = 0;
		};
/* End PBXResourcesBuildPhase section */

/* Begin PBXSourcesBuildPhase section */
		6CFE66D827E1E69B004E1528 /* Sources */ = {
			isa = PBXSourcesBuildPhase;
			buildActionMask = 2147483647;
			files = (
				6CFE66F127E1E795004E1528 /* User.swift in Sources */,
				6CFE66F827E1EF84004E1528 /* CachedFriend+CoreDataClass.swift in Sources */,
				6CFE670627E24908004E1528 /* UserDetailQuickView.swift in Sources */,
				6CFE66F627E1EF84004E1528 /* CachedUser+CoreDataClass.swift in Sources */,
				6CFE66FF27E23012004E1528 /* UserRow.swift in Sources */,
				6CFE66F927E1EF84004E1528 /* CachedFriend+CoreDataProperties.swift in Sources */,
				6CFE66FC27E2047F004E1528 /* DataController.swift in Sources */,
				6CFE66E227E1E69B004E1528 /* ContentView.swift in Sources */,
				6CFE670827E249FE004E1528 /* TagDetailsView.swift in Sources */,
				6CFE66EF27E1E6E8004E1528 /* FriendFace2.xcdatamodeld in Sources */,
				6CFE670427E247E9004E1528 /* FriendGridView.swift in Sources */,
				6CFE66F727E1EF84004E1528 /* CachedUser+CoreDataProperties.swift in Sources */,
				6CFE66E027E1E69B004E1528 /* FriendFace2App.swift in Sources */,
				6CFE670027E23012004E1528 /* UserDetailView.swift in Sources */,
			);
			runOnlyForDeploymentPostprocessing = 0;
		};
/* End PBXSourcesBuildPhase section */

/* Begin XCBuildConfiguration section */
		6CFE66E827E1E69C004E1528 /* Debug */ = {
			isa = XCBuildConfiguration;
			buildSettings = {
				ALWAYS_SEARCH_USER_PATHS = NO;
				CLANG_ANALYZER_NONNULL = YES;
				CLANG_ANALYZER_NUMBER_OBJECT_CONVERSION = YES_AGGRESSIVE;
				CLANG_CXX_LANGUAGE_STANDARD = "gnu++17";
				CLANG_ENABLE_MODULES = YES;
				CLANG_ENABLE_OBJC_ARC = YES;
				CLANG_ENABLE_OBJC_WEAK = YES;
				CLANG_WARN_BLOCK_CAPTURE_AUTORELEASING = YES;
				CLANG_WARN_BOOL_CONVERSION = YES;
				CLANG_WARN_COMMA = YES;
				CLANG_WARN_CONSTANT_CONVERSION = YES;
				CLANG_WARN_DEPRECATED_OBJC_IMPLEMENTATIONS = YES;
				CLANG_WARN_DIRECT_OBJC_ISA_USAGE = YES_ERROR;
				CLANG_WARN_DOCUMENTATION_COMMENTS = YES;
				CLANG_WARN_EMPTY_BODY = YES;
				CLANG_WARN_ENUM_CONVERSION = YES;
				CLANG_WARN_INFINITE_RECURSION = YES;
				CLANG_WARN_INT_CONVERSION = YES;
				CLANG_WARN_NON_LITERAL_NULL_CONVERSION = YES;
				CLANG_WARN_OBJC_IMPLICIT_RETAIN_SELF = YES;
				CLANG_WARN_OBJC_LITERAL_CONVERSION = YES;
				CLANG_WARN_OBJC_ROOT_CLASS = YES_ERROR;
				CLANG_WARN_QUOTED_INCLUDE_IN_FRAMEWORK_HEADER = YES;
				CLANG_WARN_RANGE_LOOP_ANALYSIS = YES;
				CLANG_WARN_STRICT_PROTOTYPES = YES;
				CLANG_WARN_SUSPICIOUS_MOVE = YES;
				CLANG_WARN_UNGUARDED_AVAILABILITY = YES_AGGRESSIVE;
				CLANG_WARN_UNREACHABLE_CODE = YES;
				CLANG_WARN__DUPLICATE_METHOD_MATCH = YES;
				COPY_PHASE_STRIP = NO;
				DEBUG_INFORMATION_FORMAT = dwarf;
				ENABLE_STRICT_OBJC_MSGSEND = YES;
				ENABLE_TESTABILITY = YES;
				GCC_C_LANGUAGE_STANDARD = gnu11;
				GCC_DYNAMIC_NO_PIC = NO;
				GCC_NO_COMMON_BLOCKS = YES;
				GCC_OPTIMIZATION_LEVEL = 0;
				GCC_PREPROCESSOR_DEFINITIONS = (
					"DEBUG=1",
					"$(inherited)",
				);
				GCC_WARN_64_TO_32_BIT_CONVERSION = YES;
				GCC_WARN_ABOUT_RETURN_TYPE = YES_ERROR;
				GCC_WARN_UNDECLARED_SELECTOR = YES;
				GCC_WARN_UNINITIALIZED_AUTOS = YES_AGGRESSIVE;
				GCC_WARN_UNUSED_FUNCTION = YES;
				GCC_WARN_UNUSED_VARIABLE = YES;
				IPHONEOS_DEPLOYMENT_TARGET = 15.4;
				MTL_ENABLE_DEBUG_INFO = INCLUDE_SOURCE;
				MTL_FAST_MATH = YES;
				ONLY_ACTIVE_ARCH = YES;
				SDKROOT = iphoneos;
				SWIFT_ACTIVE_COMPILATION_CONDITIONS = DEBUG;
				SWIFT_OPTIMIZATION_LEVEL = "-Onone";
			};
			name = Debug;
		};
		6CFE66E927E1E69C004E1528 /* Release */ = {
			isa = XCBuildConfiguration;
			buildSettings = {
				ALWAYS_SEARCH_USER_PATHS = NO;
				CLANG_ANALYZER_NONNULL = YES;
				CLANG_ANALYZER_NUMBER_OBJECT_CONVERSION = YES_AGGRESSIVE;
				CLANG_CXX_LANGUAGE_STANDARD = "gnu++17";
				CLANG_ENABLE_MODULES = YES;
				CLANG_ENABLE_OBJC_ARC = YES;
				CLANG_ENABLE_OBJC_WEAK = YES;
				CLANG_WARN_BLOCK_CAPTURE_AUTORELEASING = YES;
				CLANG_WARN_BOOL_CONVERSION = YES;
				CLANG_WARN_COMMA = YES;
				CLANG_WARN_CONSTANT_CONVERSION = YES;
				CLANG_WARN_DEPRECATED_OBJC_IMPLEMENTATIONS = YES;
				CLANG_WARN_DIRECT_OBJC_ISA_USAGE = YES_ERROR;
				CLANG_WARN_DOCUMENTATION_COMMENTS = YES;
				CLANG_WARN_EMPTY_BODY = YES;
				CLANG_WARN_ENUM_CONVERSION = YES;
				CLANG_WARN_INFINITE_RECURSION = YES;
				CLANG_WARN_INT_CONVERSION = YES;
				CLANG_WARN_NON_LITERAL_NULL_CONVERSION = YES;
				CLANG_WARN_OBJC_IMPLICIT_RETAIN_SELF = YES;
				CLANG_WARN_OBJC_LITERAL_CONVERSION = YES;
				CLANG_WARN_OBJC_ROOT_CLASS = YES_ERROR;
				CLANG_WARN_QUOTED_INCLUDE_IN_FRAMEWORK_HEADER = YES;
				CLANG_WARN_RANGE_LOOP_ANALYSIS = YES;
				CLANG_WARN_STRICT_PROTOTYPES = YES;
				CLANG_WARN_SUSPICIOUS_MOVE = YES;
				CLANG_WARN_UNGUARDED_AVAILABILITY = YES_AGGRESSIVE;
				CLANG_WARN_UNREACHABLE_CODE = YES;
				CLANG_WARN__DUPLICATE_METHOD_MATCH = YES;
				COPY_PHASE_STRIP = NO;
				DEBUG_INFORMATION_FORMAT = "dwarf-with-dsym";
				ENABLE_NS_ASSERTIONS = NO;
				ENABLE_STRICT_OBJC_MSGSEND = YES;
				GCC_C_LANGUAGE_STANDARD = gnu11;
				GCC_NO_COMMON_BLOCKS = YES;
				GCC_WARN_64_TO_32_BIT_CONVERSION = YES;
				GCC_WARN_ABOUT_RETURN_TYPE = YES_ERROR;
				GCC_WARN_UNDECLARED_SELECTOR = YES;
				GCC_WARN_UNINITIALIZED_AUTOS = YES_AGGRESSIVE;
				GCC_WARN_UNUSED_FUNCTION = YES;
				GCC_WARN_UNUSED_VARIABLE = YES;
				IPHONEOS_DEPLOYMENT_TARGET = 15.4;
				MTL_ENABLE_DEBUG_INFO = NO;
				MTL_FAST_MATH = YES;
				SDKROOT = iphoneos;
				SWIFT_COMPILATION_MODE = wholemodule;
				SWIFT_OPTIMIZATION_LEVEL = "-O";
				VALIDATE_PRODUCT = YES;
			};
			name = Release;
		};
		6CFE66EB27E1E69C004E1528 /* Debug */ = {
			isa = XCBuildConfiguration;
			buildSettings = {
				ASSETCATALOG_COMPILER_APPICON_NAME = AppIcon;
				ASSETCATALOG_COMPILER_GLOBAL_ACCENT_COLOR_NAME = AccentColor;
				CODE_SIGN_STYLE = Automatic;
				CURRENT_PROJECT_VERSION = 1;
				DEVELOPMENT_ASSET_PATHS = "\"FriendFace2/Preview Content\"";
				ENABLE_PREVIEWS = YES;
				GENERATE_INFOPLIST_FILE = YES;
				INFOPLIST_KEY_UIApplicationSceneManifest_Generation = YES;
				INFOPLIST_KEY_UIApplicationSupportsIndirectInputEvents = YES;
				INFOPLIST_KEY_UILaunchScreen_Generation = YES;
				INFOPLIST_KEY_UISupportedInterfaceOrientations_iPad = "UIInterfaceOrientationPortrait UIInterfaceOrientationPortraitUpsideDown UIInterfaceOrientationLandscapeLeft UIInterfaceOrientationLandscapeRight";
				INFOPLIST_KEY_UISupportedInterfaceOrientations_iPhone = "UIInterfaceOrientationPortrait UIInterfaceOrientationLandscapeLeft UIInterfaceOrientationLandscapeRight";
				LD_RUNPATH_SEARCH_PATHS = (
					"$(inherited)",
					"@executable_path/Frameworks",
				);
				MARKETING_VERSION = 1.0;
				PRODUCT_BUNDLE_IDENTIFIER = com.thi.FriendFace2;
				PRODUCT_NAME = "$(TARGET_NAME)";
				SWIFT_EMIT_LOC_STRINGS = YES;
				SWIFT_VERSION = 5.0;
				TARGETED_DEVICE_FAMILY = "1,2";
			};
			name = Debug;
		};
		6CFE66EC27E1E69C004E1528 /* Release */ = {
			isa = XCBuildConfiguration;
			buildSettings = {
				ASSETCATALOG_COMPILER_APPICON_NAME = AppIcon;
				ASSETCATALOG_COMPILER_GLOBAL_ACCENT_COLOR_NAME = AccentColor;
				CODE_SIGN_STYLE = Automatic;
				CURRENT_PROJECT_VERSION = 1;
				DEVELOPMENT_ASSET_PATHS = "\"FriendFace2/Preview Content\"";
				ENABLE_PREVIEWS = YES;
				GENERATE_INFOPLIST_FILE = YES;
				INFOPLIST_KEY_UIApplicationSceneManifest_Generation = YES;
				INFOPLIST_KEY_UIApplicationSupportsIndirectInputEvents = YES;
				INFOPLIST_KEY_UILaunchScreen_Generation = YES;
				INFOPLIST_KEY_UISupportedInterfaceOrientations_iPad = "UIInterfaceOrientationPortrait UIInterfaceOrientationPortraitUpsideDown UIInterfaceOrientationLandscapeLeft UIInterfaceOrientationLandscapeRight";
				INFOPLIST_KEY_UISupportedInterfaceOrientations_iPhone = "UIInterfaceOrientationPortrait UIInterfaceOrientationLandscapeLeft UIInterfaceOrientationLandscapeRight";
				LD_RUNPATH_SEARCH_PATHS = (
					"$(inherited)",
					"@executable_path/Frameworks",
				);
				MARKETING_VERSION = 1.0;
				PRODUCT_BUNDLE_IDENTIFIER = com.thi.FriendFace2;
				PRODUCT_NAME = "$(TARGET_NAME)";
				SWIFT_EMIT_LOC_STRINGS = YES;
				SWIFT_VERSION = 5.0;
				TARGETED_DEVICE_FAMILY = "1,2";
			};
			name = Release;
		};
/* End XCBuildConfiguration section */

/* Begin XCConfigurationList section */
		6CFE66D727E1E69B004E1528 /* Build configuration list for PBXProject "FriendFace2" */ = {
			isa = XCConfigurationList;
			buildConfigurations = (
				6CFE66E827E1E69C004E1528 /* Debug */,
				6CFE66E927E1E69C004E1528 /* Release */,
			);
			defaultConfigurationIsVisible = 0;
			defaultConfigurationName = Release;
		};
		6CFE66EA27E1E69C004E1528 /* Build configuration list for PBXNativeTarget "FriendFace2" */ = {
			isa = XCConfigurationList;
			buildConfigurations = (
				6CFE66EB27E1E69C004E1528 /* Debug */,
				6CFE66EC27E1E69C004E1528 /* Release */,
			);
			defaultConfigurationIsVisible = 0;
			defaultConfigurationName = Release;
		};
/* End XCConfigurationList section */

/* Begin XCVersionGroup section */
		6CFE66ED27E1E6E8004E1528 /* FriendFace2.xcdatamodeld */ = {
			isa = XCVersionGroup;
			children = (
				6CFE66EE27E1E6E8004E1528 /* FriendFace2.xcdatamodel */,
			);
			currentVersion = 6CFE66EE27E1E6E8004E1528 /* FriendFace2.xcdatamodel */;
			path = FriendFace2.xcdatamodeld;
			sourceTree = "<group>";
			versionGroupType = wrapper.xcdatamodel;
		};
/* End XCVersionGroup section */
	};
	rootObject = 6CFE66D427E1E69B004E1528 /* Project object */;
}
